// !$*UTF8*$!
{
	archiveVersion = 1;
	classes = {
	};
	objectVersion = 46;
	objects = {

/* Begin PBXBuildFile section */
		1C15D1AE1B9189EB000A2615 /* main.m in Sources */ = {isa = PBXBuildFile; fileRef = 1C15D1AD1B9189EB000A2615 /* main.m */; };
		1C15D1B11B9189EB000A2615 /* AppDelegate.m in Sources */ = {isa = PBXBuildFile; fileRef = 1C15D1B01B9189EB000A2615 /* AppDelegate.m */; };
		1C15D1B41B9189EB000A2615 /* ViewController.m in Sources */ = {isa = PBXBuildFile; fileRef = 1C15D1B31B9189EB000A2615 /* ViewController.m */; };
		1C15D1B71B9189EB000A2615 /* Main.storyboard in Resources */ = {isa = PBXBuildFile; fileRef = 1C15D1B51B9189EB000A2615 /* Main.storyboard */; };
		1C15D1B91B9189EB000A2615 /* Images.xcassets in Resources */ = {isa = PBXBuildFile; fileRef = 1C15D1B81B9189EB000A2615 /* Images.xcassets */; };
		1C15D1BC1B9189EB000A2615 /* LaunchScreen.xib in Resources */ = {isa = PBXBuildFile; fileRef = 1C15D1BA1B9189EB000A2615 /* LaunchScreen.xib */; };
		1C15D1C81B9189EB000A2615 /* ThreeKingdomsPassTests.m in Sources */ = {isa = PBXBuildFile; fileRef = 1C15D1C71B9189EB000A2615 /* ThreeKingdomsPassTests.m */; };
		1C6F2DB01B9EBE2700BED00F /* game_background.jpg in Resources */ = {isa = PBXBuildFile; fileRef = 1C6F2DAF1B9EBE2700BED00F /* game_background.jpg */; };
		1C6F4AF21B9FF59300BED00F /* TransitionAnimator.m in Sources */ = {isa = PBXBuildFile; fileRef = 1C6F4AEF1B9FF59300BED00F /* TransitionAnimator.m */; };
		1C6F4AF31B9FF59300BED00F /* TransitionHorizontalLinesAnimator.m in Sources */ = {isa = PBXBuildFile; fileRef = 1C6F4AF11B9FF59300BED00F /* TransitionHorizontalLinesAnimator.m */; };
		1CE686281B95B28000C73E81 /* background.jpg in Resources */ = {isa = PBXBuildFile; fileRef = 1CE686271B95B28000C73E81 /* background.jpg */; };
		1CEF645F1BA01EFB0014C550 /* card.pass in Resources */ = {isa = PBXBuildFile; fileRef = 1CEF645C1BA01EFB0014C550 /* card.pass */; };
		1CEF64601BA01EFB0014C550 /* TKGameCardData.m in Sources */ = {isa = PBXBuildFile; fileRef = 1CEF645E1BA01EFB0014C550 /* TKGameCardData.m */; };
		1CEF64631BA0200A0014C550 /* TKGame.m in Sources */ = {isa = PBXBuildFile; fileRef = 1CEF64621BA0200A0014C550 /* TKGame.m */; };
		1CEF64921BA032450014C550 /* card_huosha_image.jpg in Resources */ = {isa = PBXBuildFile; fileRef = 1CEF64661BA032450014C550 /* card_huosha_image.jpg */; };
		1CEF64931BA032450014C550 /* card_jiu_image.jpg in Resources */ = {isa = PBXBuildFile; fileRef = 1CEF64671BA032450014C550 /* card_jiu_image.jpg */; };
		1CEF64941BA032450014C550 /* card_leisha_image.jpg in Resources */ = {isa = PBXBuildFile; fileRef = 1CEF64681BA032450014C550 /* card_leisha_image.jpg */; };
		1CEF64951BA032450014C550 /* card_sha_image.jpg in Resources */ = {isa = PBXBuildFile; fileRef = 1CEF64691BA032450014C550 /* card_sha_image.jpg */; };
		1CEF64961BA032450014C550 /* card_shan_image.jpg in Resources */ = {isa = PBXBuildFile; fileRef = 1CEF646A1BA032450014C550 /* card_shan_image.jpg */; };
		1CEF64971BA032450014C550 /* card_tao_image.jpg in Resources */ = {isa = PBXBuildFile; fileRef = 1CEF646B1BA032450014C550 /* card_tao_image.jpg */; };
		1CEF64981BA032450014C550 /* card_baguazhen_image.jpg in Resources */ = {isa = PBXBuildFile; fileRef = 1CEF646D1BA032450014C550 /* card_baguazhen_image.jpg */; };
		1CEF64991BA032450014C550 /* card_baiyinshizi_image.jpg in Resources */ = {isa = PBXBuildFile; fileRef = 1CEF646E1BA032450014C550 /* card_baiyinshizi_image.jpg */; };
		1CEF649A1BA032450014C550 /* card_chitu_image.jpg in Resources */ = {isa = PBXBuildFile; fileRef = 1CEF646F1BA032450014C550 /* card_chitu_image.jpg */; };
		1CEF649B1BA032450014C550 /* card_cixiongshuanggujian_image.jpg in Resources */ = {isa = PBXBuildFile; fileRef = 1CEF64701BA032450014C550 /* card_cixiongshuanggujian_image.jpg */; };
		1CEF649C1BA032450014C550 /* card_dawan_image.jpg in Resources */ = {isa = PBXBuildFile; fileRef = 1CEF64711BA032450014C550 /* card_dawan_image.jpg */; };
		1CEF649D1BA032450014C550 /* card_dilu_image.jpg in Resources */ = {isa = PBXBuildFile; fileRef = 1CEF64721BA032450014C550 /* card_dilu_image.jpg */; };
		1CEF649E1BA032450014C550 /* card_fangtianhuaji_image.jpg in Resources */ = {isa = PBXBuildFile; fileRef = 1CEF64731BA032450014C550 /* card_fangtianhuaji_image.jpg */; };
		1CEF649F1BA032450014C550 /* card_guanshifu_image.jpg in Resources */ = {isa = PBXBuildFile; fileRef = 1CEF64741BA032450014C550 /* card_guanshifu_image.jpg */; };
		1CEF64A01BA032450014C550 /* card_gudingdao_image.jpg in Resources */ = {isa = PBXBuildFile; fileRef = 1CEF64751BA032450014C550 /* card_gudingdao_image.jpg */; };
		1CEF64A11BA032450014C550 /* card_hanbingjian_image.jpg in Resources */ = {isa = PBXBuildFile; fileRef = 1CEF64761BA032450014C550 /* card_hanbingjian_image.jpg */; };
		1CEF64A21BA032450014C550 /* card_jueying_image.jpg in Resources */ = {isa = PBXBuildFile; fileRef = 1CEF64771BA032450014C550 /* card_jueying_image.jpg */; };
		1CEF64A31BA032450014C550 /* card_qilingong_image.jpg in Resources */ = {isa = PBXBuildFile; fileRef = 1CEF64781BA032450014C550 /* card_qilingong_image.jpg */; };
		1CEF64A41BA032450014C550 /* card_qinggangjian_image.jpg in Resources */ = {isa = PBXBuildFile; fileRef = 1CEF64791BA032450014C550 /* card_qinggangjian_image.jpg */; };
		1CEF64A51BA032450014C550 /* card_qinglongyanyuedao_image.jpg in Resources */ = {isa = PBXBuildFile; fileRef = 1CEF647A1BA032450014C550 /* card_qinglongyanyuedao_image.jpg */; };
		1CEF64A61BA032450014C550 /* card_renwangdun_image.jpg in Resources */ = {isa = PBXBuildFile; fileRef = 1CEF647B1BA032450014C550 /* card_renwangdun_image.jpg */; };
		1CEF64A71BA032450014C550 /* card_tengjia_image.jpg in Resources */ = {isa = PBXBuildFile; fileRef = 1CEF647C1BA032450014C550 /* card_tengjia_image.jpg */; };
		1CEF64A81BA032450014C550 /* card_zhangbashemao_image.jpg in Resources */ = {isa = PBXBuildFile; fileRef = 1CEF647D1BA032450014C550 /* card_zhangbashemao_image.jpg */; };
		1CEF64A91BA032450014C550 /* card_zhuahuangfeidian_image.jpg in Resources */ = {isa = PBXBuildFile; fileRef = 1CEF647E1BA032450014C550 /* card_zhuahuangfeidian_image.jpg */; };
		1CEF64AA1BA032450014C550 /* card_zhugeliannu_image.jpg in Resources */ = {isa = PBXBuildFile; fileRef = 1CEF647F1BA032450014C550 /* card_zhugeliannu_image.jpg */; };
		1CEF64AB1BA032450014C550 /* card_zhuqueyushan_image.jpg in Resources */ = {isa = PBXBuildFile; fileRef = 1CEF64801BA032450014C550 /* card_zhuqueyushan_image.jpg */; };
		1CEF64AC1BA032450014C550 /* card_zixin_image.jpg in Resources */ = {isa = PBXBuildFile; fileRef = 1CEF64811BA032450014C550 /* card_zixin_image.jpg */; };
		1CEF64AD1BA032450014C550 /* card_bingliangcunduan_image.jpg in Resources */ = {isa = PBXBuildFile; fileRef = 1CEF64831BA032450014C550 /* card_bingliangcunduan_image.jpg */; };
		1CEF64AE1BA032450014C550 /* card_guohechaiqiao_image.jpg in Resources */ = {isa = PBXBuildFile; fileRef = 1CEF64841BA032450014C550 /* card_guohechaiqiao_image.jpg */; };
		1CEF64AF1BA032450014C550 /* card_huogong_image.jpg in Resources */ = {isa = PBXBuildFile; fileRef = 1CEF64851BA032450014C550 /* card_huogong_image.jpg */; };
		1CEF64B01BA032450014C550 /* card_jiedaosharen_image.jpg in Resources */ = {isa = PBXBuildFile; fileRef = 1CEF64861BA032450014C550 /* card_jiedaosharen_image.jpg */; };
		1CEF64B11BA032450014C550 /* card_juedou_image.jpg in Resources */ = {isa = PBXBuildFile; fileRef = 1CEF64871BA032450014C550 /* card_juedou_image.jpg */; };
		1CEF64B21BA032450014C550 /* card_lebusishu_image.jpg in Resources */ = {isa = PBXBuildFile; fileRef = 1CEF64881BA032450014C550 /* card_lebusishu_image.jpg */; };
		1CEF64B31BA032450014C550 /* card_nanmanruqin_image.jpg in Resources */ = {isa = PBXBuildFile; fileRef = 1CEF64891BA032450014C550 /* card_nanmanruqin_image.jpg */; };
		1CEF64B41BA032450014C550 /* card_shandian_image.jpg in Resources */ = {isa = PBXBuildFile; fileRef = 1CEF648A1BA032450014C550 /* card_shandian_image.jpg */; };
		1CEF64B51BA032450014C550 /* card_shunshouqianyang_image.jpg in Resources */ = {isa = PBXBuildFile; fileRef = 1CEF648B1BA032450014C550 /* card_shunshouqianyang_image.jpg */; };
		1CEF64B61BA032450014C550 /* card_taoyuanjieyi_image.jpg in Resources */ = {isa = PBXBuildFile; fileRef = 1CEF648C1BA032450014C550 /* card_taoyuanjieyi_image.jpg */; };
		1CEF64B71BA032450014C550 /* card_tiesuolianhuan_image.jpg in Resources */ = {isa = PBXBuildFile; fileRef = 1CEF648D1BA032450014C550 /* card_tiesuolianhuan_image.jpg */; };
		1CEF64B81BA032450014C550 /* card_wanjianqifa_image.jpg in Resources */ = {isa = PBXBuildFile; fileRef = 1CEF648E1BA032450014C550 /* card_wanjianqifa_image.jpg */; };
		1CEF64B91BA032450014C550 /* card_wugufengdeng_image.jpg in Resources */ = {isa = PBXBuildFile; fileRef = 1CEF648F1BA032450014C550 /* card_wugufengdeng_image.jpg */; };
		1CEF64BA1BA032450014C550 /* card_wuxiekeji_image.jpg in Resources */ = {isa = PBXBuildFile; fileRef = 1CEF64901BA032450014C550 /* card_wuxiekeji_image.jpg */; };
		1CEF64BB1BA032450014C550 /* card_wuzhongshengyou_image.jpg in Resources */ = {isa = PBXBuildFile; fileRef = 1CEF64911BA032450014C550 /* card_wuzhongshengyou_image.jpg */; };
		1CF538001B93FF5600FBA3F3 /* BaseViewController.m in Sources */ = {isa = PBXBuildFile; fileRef = 1CF537C21B93FF5600FBA3F3 /* BaseViewController.m */; };
		1CF538011B93FF5600FBA3F3 /* TKGameViewController.m in Sources */ = {isa = PBXBuildFile; fileRef = 1CF537C61B93FF5600FBA3F3 /* TKGameViewController.m */; };
		1CF538021B93FF5600FBA3F3 /* TKHomePageViewController.m in Sources */ = {isa = PBXBuildFile; fileRef = 1CF537C81B93FF5600FBA3F3 /* TKHomePageViewController.m */; };
		1CF538031B93FF5600FBA3F3 /* NSArray+BlocksKit.m in Sources */ = {isa = PBXBuildFile; fileRef = 1CF537D01B93FF5600FBA3F3 /* NSArray+BlocksKit.m */; };
		1CF538041B93FF5600FBA3F3 /* NSDictionary+BlocksKit.m in Sources */ = {isa = PBXBuildFile; fileRef = 1CF537D21B93FF5600FBA3F3 /* NSDictionary+BlocksKit.m */; };
		1CF538051B93FF5600FBA3F3 /* NSIndexSet+BlocksKit.m in Sources */ = {isa = PBXBuildFile; fileRef = 1CF537D41B93FF5600FBA3F3 /* NSIndexSet+BlocksKit.m */; };
		1CF538061B93FF5600FBA3F3 /* NSInvocation+BlocksKit.m in Sources */ = {isa = PBXBuildFile; fileRef = 1CF537D61B93FF5600FBA3F3 /* NSInvocation+BlocksKit.m */; };
		1CF538071B93FF5600FBA3F3 /* NSMapTable+BlocksKit.m in Sources */ = {isa = PBXBuildFile; fileRef = 1CF537D81B93FF5600FBA3F3 /* NSMapTable+BlocksKit.m */; };
		1CF538081B93FF5600FBA3F3 /* NSMutableArray+BlocksKit.m in Sources */ = {isa = PBXBuildFile; fileRef = 1CF537DA1B93FF5600FBA3F3 /* NSMutableArray+BlocksKit.m */; };
		1CF538091B93FF5600FBA3F3 /* NSMutableDictionary+BlocksKit.m in Sources */ = {isa = PBXBuildFile; fileRef = 1CF537DC1B93FF5600FBA3F3 /* NSMutableDictionary+BlocksKit.m */; };
		1CF5380A1B93FF5600FBA3F3 /* NSMutableIndexSet+BlocksKit.m in Sources */ = {isa = PBXBuildFile; fileRef = 1CF537DE1B93FF5600FBA3F3 /* NSMutableIndexSet+BlocksKit.m */; };
		1CF5380B1B93FF5600FBA3F3 /* NSMutableOrderedSet+BlocksKit.m in Sources */ = {isa = PBXBuildFile; fileRef = 1CF537E01B93FF5600FBA3F3 /* NSMutableOrderedSet+BlocksKit.m */; };
		1CF5380C1B93FF5600FBA3F3 /* NSMutableSet+BlocksKit.m in Sources */ = {isa = PBXBuildFile; fileRef = 1CF537E21B93FF5600FBA3F3 /* NSMutableSet+BlocksKit.m */; };
		1CF5380D1B93FF5600FBA3F3 /* NSObject+BKAssociatedObjects.m in Sources */ = {isa = PBXBuildFile; fileRef = 1CF537E41B93FF5600FBA3F3 /* NSObject+BKAssociatedObjects.m */; };
		1CF5380E1B93FF5600FBA3F3 /* NSObject+BKBlockExecution.m in Sources */ = {isa = PBXBuildFile; fileRef = 1CF537E61B93FF5600FBA3F3 /* NSObject+BKBlockExecution.m */; };
		1CF5380F1B93FF5600FBA3F3 /* NSObject+BKBlockObservation.m in Sources */ = {isa = PBXBuildFile; fileRef = 1CF537E81B93FF5600FBA3F3 /* NSObject+BKBlockObservation.m */; };
		1CF538101B93FF5600FBA3F3 /* NSOrderedSet+BlocksKit.m in Sources */ = {isa = PBXBuildFile; fileRef = 1CF537EA1B93FF5600FBA3F3 /* NSOrderedSet+BlocksKit.m */; };
		1CF538111B93FF5600FBA3F3 /* NSSet+BlocksKit.m in Sources */ = {isa = PBXBuildFile; fileRef = 1CF537EC1B93FF5600FBA3F3 /* NSSet+BlocksKit.m */; };
		1CF538121B93FF5600FBA3F3 /* NSTimer+BlocksKit.m in Sources */ = {isa = PBXBuildFile; fileRef = 1CF537EE1B93FF5600FBA3F3 /* NSTimer+BlocksKit.m */; };
		1CF538131B93FF5600FBA3F3 /* UIBarButtonItem+BlocksKit.m in Sources */ = {isa = PBXBuildFile; fileRef = 1CF537F11B93FF5600FBA3F3 /* UIBarButtonItem+BlocksKit.m */; };
		1CF538141B93FF5600FBA3F3 /* UIControl+BlocksKit.m in Sources */ = {isa = PBXBuildFile; fileRef = 1CF537F31B93FF5600FBA3F3 /* UIControl+BlocksKit.m */; };
		1CF538151B93FF5600FBA3F3 /* UIGestureRecognizer+BlocksKit.m in Sources */ = {isa = PBXBuildFile; fileRef = 1CF537F51B93FF5600FBA3F3 /* UIGestureRecognizer+BlocksKit.m */; };
		1CF538161B93FF5600FBA3F3 /* UIView+BlocksKit.m in Sources */ = {isa = PBXBuildFile; fileRef = 1CF537F71B93FF5600FBA3F3 /* UIView+BlocksKit.m */; };
		1CF538171B93FF5600FBA3F3 /* HiraMinProN-W6.ttf in Resources */ = {isa = PBXBuildFile; fileRef = 1CF537F91B93FF5600FBA3F3 /* HiraMinProN-W6.ttf */; };
		1CF538181B93FF5600FBA3F3 /* SourceHanSansCN-Medium.otf in Resources */ = {isa = PBXBuildFile; fileRef = 1CF537FA1B93FF5600FBA3F3 /* SourceHanSansCN-Medium.otf */; };
		1CF538191B93FF5600FBA3F3 /* TKGloble.m in Sources */ = {isa = PBXBuildFile; fileRef = 1CF537FF1B93FF5600FBA3F3 /* TKGloble.m */; };
		1CF555641B9597F800FBA3F3 /* FBShimmeringLayer.m in Sources */ = {isa = PBXBuildFile; fileRef = 1CF555611B9597F800FBA3F3 /* FBShimmeringLayer.m */; };
		1CF555651B9597F800FBA3F3 /* FBShimmeringView.m in Sources */ = {isa = PBXBuildFile; fileRef = 1CF555631B9597F800FBA3F3 /* FBShimmeringView.m */; };
/* End PBXBuildFile section */

/* Begin PBXContainerItemProxy section */
		1C15D1C21B9189EB000A2615 /* PBXContainerItemProxy */ = {
			isa = PBXContainerItemProxy;
			containerPortal = 1C15D1A01B9189EB000A2615 /* Project object */;
			proxyType = 1;
			remoteGlobalIDString = 1C15D1A71B9189EB000A2615;
			remoteInfo = ThreeKingdomsPass;
		};
/* End PBXContainerItemProxy section */

/* Begin PBXFileReference section */
		1C15D1A81B9189EB000A2615 /* ThreeKingdomsPass.app */ = {isa = PBXFileReference; explicitFileType = wrapper.application; includeInIndex = 0; path = ThreeKingdomsPass.app; sourceTree = BUILT_PRODUCTS_DIR; };
		1C15D1AC1B9189EB000A2615 /* Info.plist */ = {isa = PBXFileReference; lastKnownFileType = text.plist.xml; path = Info.plist; sourceTree = "<group>"; };
		1C15D1AD1B9189EB000A2615 /* main.m */ = {isa = PBXFileReference; lastKnownFileType = sourcecode.c.objc; path = main.m; sourceTree = "<group>"; };
		1C15D1AF1B9189EB000A2615 /* AppDelegate.h */ = {isa = PBXFileReference; lastKnownFileType = sourcecode.c.h; path = AppDelegate.h; sourceTree = "<group>"; };
		1C15D1B01B9189EB000A2615 /* AppDelegate.m */ = {isa = PBXFileReference; lastKnownFileType = sourcecode.c.objc; path = AppDelegate.m; sourceTree = "<group>"; };
		1C15D1B21B9189EB000A2615 /* ViewController.h */ = {isa = PBXFileReference; lastKnownFileType = sourcecode.c.h; path = ViewController.h; sourceTree = "<group>"; };
		1C15D1B31B9189EB000A2615 /* ViewController.m */ = {isa = PBXFileReference; lastKnownFileType = sourcecode.c.objc; path = ViewController.m; sourceTree = "<group>"; };
		1C15D1B61B9189EB000A2615 /* Base */ = {isa = PBXFileReference; lastKnownFileType = file.storyboard; name = Base; path = Base.lproj/Main.storyboard; sourceTree = "<group>"; };
		1C15D1B81B9189EB000A2615 /* Images.xcassets */ = {isa = PBXFileReference; lastKnownFileType = folder.assetcatalog; path = Images.xcassets; sourceTree = "<group>"; };
		1C15D1BB1B9189EB000A2615 /* Base */ = {isa = PBXFileReference; lastKnownFileType = file.xib; name = Base; path = Base.lproj/LaunchScreen.xib; sourceTree = "<group>"; };
		1C15D1C11B9189EB000A2615 /* ThreeKingdomsPassTests.xctest */ = {isa = PBXFileReference; explicitFileType = wrapper.cfbundle; includeInIndex = 0; path = ThreeKingdomsPassTests.xctest; sourceTree = BUILT_PRODUCTS_DIR; };
		1C15D1C61B9189EB000A2615 /* Info.plist */ = {isa = PBXFileReference; lastKnownFileType = text.plist.xml; path = Info.plist; sourceTree = "<group>"; };
		1C15D1C71B9189EB000A2615 /* ThreeKingdomsPassTests.m */ = {isa = PBXFileReference; lastKnownFileType = sourcecode.c.objc; path = ThreeKingdomsPassTests.m; sourceTree = "<group>"; };
		1C6F2DAF1B9EBE2700BED00F /* game_background.jpg */ = {isa = PBXFileReference; lastKnownFileType = image.jpeg; path = game_background.jpg; sourceTree = "<group>"; };
		1C6F4AEE1B9FF59300BED00F /* TransitionAnimator.h */ = {isa = PBXFileReference; fileEncoding = 4; lastKnownFileType = sourcecode.c.h; path = TransitionAnimator.h; sourceTree = "<group>"; };
		1C6F4AEF1B9FF59300BED00F /* TransitionAnimator.m */ = {isa = PBXFileReference; fileEncoding = 4; lastKnownFileType = sourcecode.c.objc; path = TransitionAnimator.m; sourceTree = "<group>"; };
		1C6F4AF01B9FF59300BED00F /* TransitionHorizontalLinesAnimator.h */ = {isa = PBXFileReference; fileEncoding = 4; lastKnownFileType = sourcecode.c.h; path = TransitionHorizontalLinesAnimator.h; sourceTree = "<group>"; };
		1C6F4AF11B9FF59300BED00F /* TransitionHorizontalLinesAnimator.m */ = {isa = PBXFileReference; fileEncoding = 4; lastKnownFileType = sourcecode.c.objc; path = TransitionHorizontalLinesAnimator.m; sourceTree = "<group>"; };
		1CE686271B95B28000C73E81 /* background.jpg */ = {isa = PBXFileReference; lastKnownFileType = image.jpeg; path = background.jpg; sourceTree = "<group>"; };
		1CEF645C1BA01EFB0014C550 /* card.pass */ = {isa = PBXFileReference; fileEncoding = 4; lastKnownFileType = text; path = card.pass; sourceTree = "<group>"; };
		1CEF645D1BA01EFB0014C550 /* TKGameCardData.h */ = {isa = PBXFileReference; fileEncoding = 4; lastKnownFileType = sourcecode.c.h; path = TKGameCardData.h; sourceTree = "<group>"; };
		1CEF645E1BA01EFB0014C550 /* TKGameCardData.m */ = {isa = PBXFileReference; fileEncoding = 4; lastKnownFileType = sourcecode.c.objc; path = TKGameCardData.m; sourceTree = "<group>"; };
		1CEF64611BA0200A0014C550 /* TKGame.h */ = {isa = PBXFileReference; fileEncoding = 4; lastKnownFileType = sourcecode.c.h; path = TKGame.h; sourceTree = "<group>"; };
		1CEF64621BA0200A0014C550 /* TKGame.m */ = {isa = PBXFileReference; fileEncoding = 4; lastKnownFileType = sourcecode.c.objc; path = TKGame.m; sourceTree = "<group>"; };
		1CEF64661BA032450014C550 /* card_huosha_image.jpg */ = {isa = PBXFileReference; lastKnownFileType = image.jpeg; path = card_huosha_image.jpg; sourceTree = "<group>"; };
		1CEF64671BA032450014C550 /* card_jiu_image.jpg */ = {isa = PBXFileReference; lastKnownFileType = image.jpeg; path = card_jiu_image.jpg; sourceTree = "<group>"; };
		1CEF64681BA032450014C550 /* card_leisha_image.jpg */ = {isa = PBXFileReference; lastKnownFileType = image.jpeg; path = card_leisha_image.jpg; sourceTree = "<group>"; };
		1CEF64691BA032450014C550 /* card_sha_image.jpg */ = {isa = PBXFileReference; lastKnownFileType = image.jpeg; path = card_sha_image.jpg; sourceTree = "<group>"; };
		1CEF646A1BA032450014C550 /* card_shan_image.jpg */ = {isa = PBXFileReference; lastKnownFileType = image.jpeg; path = card_shan_image.jpg; sourceTree = "<group>"; };
		1CEF646B1BA032450014C550 /* card_tao_image.jpg */ = {isa = PBXFileReference; lastKnownFileType = image.jpeg; path = card_tao_image.jpg; sourceTree = "<group>"; };
		1CEF646D1BA032450014C550 /* card_baguazhen_image.jpg */ = {isa = PBXFileReference; lastKnownFileType = image.jpeg; path = card_baguazhen_image.jpg; sourceTree = "<group>"; };
		1CEF646E1BA032450014C550 /* card_baiyinshizi_image.jpg */ = {isa = PBXFileReference; lastKnownFileType = image.jpeg; path = card_baiyinshizi_image.jpg; sourceTree = "<group>"; };
		1CEF646F1BA032450014C550 /* card_chitu_image.jpg */ = {isa = PBXFileReference; lastKnownFileType = image.jpeg; path = card_chitu_image.jpg; sourceTree = "<group>"; };
		1CEF64701BA032450014C550 /* card_cixiongshuanggujian_image.jpg */ = {isa = PBXFileReference; lastKnownFileType = image.jpeg; path = card_cixiongshuanggujian_image.jpg; sourceTree = "<group>"; };
		1CEF64711BA032450014C550 /* card_dawan_image.jpg */ = {isa = PBXFileReference; lastKnownFileType = image.jpeg; path = card_dawan_image.jpg; sourceTree = "<group>"; };
		1CEF64721BA032450014C550 /* card_dilu_image.jpg */ = {isa = PBXFileReference; lastKnownFileType = image.jpeg; path = card_dilu_image.jpg; sourceTree = "<group>"; };
		1CEF64731BA032450014C550 /* card_fangtianhuaji_image.jpg */ = {isa = PBXFileReference; lastKnownFileType = image.jpeg; path = card_fangtianhuaji_image.jpg; sourceTree = "<group>"; };
		1CEF64741BA032450014C550 /* card_guanshifu_image.jpg */ = {isa = PBXFileReference; lastKnownFileType = image.jpeg; path = card_guanshifu_image.jpg; sourceTree = "<group>"; };
		1CEF64751BA032450014C550 /* card_gudingdao_image.jpg */ = {isa = PBXFileReference; lastKnownFileType = image.jpeg; path = card_gudingdao_image.jpg; sourceTree = "<group>"; };
		1CEF64761BA032450014C550 /* card_hanbingjian_image.jpg */ = {isa = PBXFileReference; lastKnownFileType = image.jpeg; path = card_hanbingjian_image.jpg; sourceTree = "<group>"; };
		1CEF64771BA032450014C550 /* card_jueying_image.jpg */ = {isa = PBXFileReference; lastKnownFileType = image.jpeg; path = card_jueying_image.jpg; sourceTree = "<group>"; };
		1CEF64781BA032450014C550 /* card_qilingong_image.jpg */ = {isa = PBXFileReference; lastKnownFileType = image.jpeg; path = card_qilingong_image.jpg; sourceTree = "<group>"; };
		1CEF64791BA032450014C550 /* card_qinggangjian_image.jpg */ = {isa = PBXFileReference; lastKnownFileType = image.jpeg; path = card_qinggangjian_image.jpg; sourceTree = "<group>"; };
		1CEF647A1BA032450014C550 /* card_qinglongyanyuedao_image.jpg */ = {isa = PBXFileReference; lastKnownFileType = image.jpeg; path = card_qinglongyanyuedao_image.jpg; sourceTree = "<group>"; };
		1CEF647B1BA032450014C550 /* card_renwangdun_image.jpg */ = {isa = PBXFileReference; lastKnownFileType = image.jpeg; path = card_renwangdun_image.jpg; sourceTree = "<group>"; };
		1CEF647C1BA032450014C550 /* card_tengjia_image.jpg */ = {isa = PBXFileReference; lastKnownFileType = image.jpeg; path = card_tengjia_image.jpg; sourceTree = "<group>"; };
		1CEF647D1BA032450014C550 /* card_zhangbashemao_image.jpg */ = {isa = PBXFileReference; lastKnownFileType = image.jpeg; path = card_zhangbashemao_image.jpg; sourceTree = "<group>"; };
		1CEF647E1BA032450014C550 /* card_zhuahuangfeidian_image.jpg */ = {isa = PBXFileReference; lastKnownFileType = image.jpeg; path = card_zhuahuangfeidian_image.jpg; sourceTree = "<group>"; };
		1CEF647F1BA032450014C550 /* card_zhugeliannu_image.jpg */ = {isa = PBXFileReference; lastKnownFileType = image.jpeg; path = card_zhugeliannu_image.jpg; sourceTree = "<group>"; };
		1CEF64801BA032450014C550 /* card_zhuqueyushan_image.jpg */ = {isa = PBXFileReference; lastKnownFileType = image.jpeg; path = card_zhuqueyushan_image.jpg; sourceTree = "<group>"; };
		1CEF64811BA032450014C550 /* card_zixin_image.jpg */ = {isa = PBXFileReference; lastKnownFileType = image.jpeg; path = card_zixin_image.jpg; sourceTree = "<group>"; };
		1CEF64831BA032450014C550 /* card_bingliangcunduan_image.jpg */ = {isa = PBXFileReference; lastKnownFileType = image.jpeg; path = card_bingliangcunduan_image.jpg; sourceTree = "<group>"; };
		1CEF64841BA032450014C550 /* card_guohechaiqiao_image.jpg */ = {isa = PBXFileReference; lastKnownFileType = image.jpeg; path = card_guohechaiqiao_image.jpg; sourceTree = "<group>"; };
		1CEF64851BA032450014C550 /* card_huogong_image.jpg */ = {isa = PBXFileReference; lastKnownFileType = image.jpeg; path = card_huogong_image.jpg; sourceTree = "<group>"; };
		1CEF64861BA032450014C550 /* card_jiedaosharen_image.jpg */ = {isa = PBXFileReference; lastKnownFileType = image.jpeg; path = card_jiedaosharen_image.jpg; sourceTree = "<group>"; };
		1CEF64871BA032450014C550 /* card_juedou_image.jpg */ = {isa = PBXFileReference; lastKnownFileType = image.jpeg; path = card_juedou_image.jpg; sourceTree = "<group>"; };
		1CEF64881BA032450014C550 /* card_lebusishu_image.jpg */ = {isa = PBXFileReference; lastKnownFileType = image.jpeg; path = card_lebusishu_image.jpg; sourceTree = "<group>"; };
		1CEF64891BA032450014C550 /* card_nanmanruqin_image.jpg */ = {isa = PBXFileReference; lastKnownFileType = image.jpeg; path = card_nanmanruqin_image.jpg; sourceTree = "<group>"; };
		1CEF648A1BA032450014C550 /* card_shandian_image.jpg */ = {isa = PBXFileReference; lastKnownFileType = image.jpeg; path = card_shandian_image.jpg; sourceTree = "<group>"; };
		1CEF648B1BA032450014C550 /* card_shunshouqianyang_image.jpg */ = {isa = PBXFileReference; lastKnownFileType = image.jpeg; path = card_shunshouqianyang_image.jpg; sourceTree = "<group>"; };
		1CEF648C1BA032450014C550 /* card_taoyuanjieyi_image.jpg */ = {isa = PBXFileReference; lastKnownFileType = image.jpeg; path = card_taoyuanjieyi_image.jpg; sourceTree = "<group>"; };
		1CEF648D1BA032450014C550 /* card_tiesuolianhuan_image.jpg */ = {isa = PBXFileReference; lastKnownFileType = image.jpeg; path = card_tiesuolianhuan_image.jpg; sourceTree = "<group>"; };
		1CEF648E1BA032450014C550 /* card_wanjianqifa_image.jpg */ = {isa = PBXFileReference; lastKnownFileType = image.jpeg; path = card_wanjianqifa_image.jpg; sourceTree = "<group>"; };
		1CEF648F1BA032450014C550 /* card_wugufengdeng_image.jpg */ = {isa = PBXFileReference; lastKnownFileType = image.jpeg; path = card_wugufengdeng_image.jpg; sourceTree = "<group>"; };
		1CEF64901BA032450014C550 /* card_wuxiekeji_image.jpg */ = {isa = PBXFileReference; lastKnownFileType = image.jpeg; path = card_wuxiekeji_image.jpg; sourceTree = "<group>"; };
		1CEF64911BA032450014C550 /* card_wuzhongshengyou_image.jpg */ = {isa = PBXFileReference; lastKnownFileType = image.jpeg; path = card_wuzhongshengyou_image.jpg; sourceTree = "<group>"; };
		1CF537C11B93FF5600FBA3F3 /* BaseViewController.h */ = {isa = PBXFileReference; fileEncoding = 4; lastKnownFileType = sourcecode.c.h; path = BaseViewController.h; sourceTree = "<group>"; };
		1CF537C21B93FF5600FBA3F3 /* BaseViewController.m */ = {isa = PBXFileReference; fileEncoding = 4; lastKnownFileType = sourcecode.c.objc; path = BaseViewController.m; sourceTree = "<group>"; };
		1CF537C51B93FF5600FBA3F3 /* TKGameViewController.h */ = {isa = PBXFileReference; fileEncoding = 4; lastKnownFileType = sourcecode.c.h; path = TKGameViewController.h; sourceTree = "<group>"; };
		1CF537C61B93FF5600FBA3F3 /* TKGameViewController.m */ = {isa = PBXFileReference; fileEncoding = 4; lastKnownFileType = sourcecode.c.objc; path = TKGameViewController.m; sourceTree = "<group>"; };
		1CF537C71B93FF5600FBA3F3 /* TKHomePageViewController.h */ = {isa = PBXFileReference; fileEncoding = 4; lastKnownFileType = sourcecode.c.h; path = TKHomePageViewController.h; sourceTree = "<group>"; };
		1CF537C81B93FF5600FBA3F3 /* TKHomePageViewController.m */ = {isa = PBXFileReference; fileEncoding = 4; lastKnownFileType = sourcecode.c.objc; path = TKHomePageViewController.m; sourceTree = "<group>"; };
		1CF537CB1B93FF5600FBA3F3 /* BlocksKit+UIKit.h */ = {isa = PBXFileReference; fileEncoding = 4; lastKnownFileType = sourcecode.c.h; path = "BlocksKit+UIKit.h"; sourceTree = "<group>"; };
		1CF537CC1B93FF5600FBA3F3 /* BlocksKit.h */ = {isa = PBXFileReference; fileEncoding = 4; lastKnownFileType = sourcecode.c.h; path = BlocksKit.h; sourceTree = "<group>"; };
		1CF537CE1B93FF5600FBA3F3 /* BKMacros.h */ = {isa = PBXFileReference; fileEncoding = 4; lastKnownFileType = sourcecode.c.h; path = BKMacros.h; sourceTree = "<group>"; };
		1CF537CF1B93FF5600FBA3F3 /* NSArray+BlocksKit.h */ = {isa = PBXFileReference; fileEncoding = 4; lastKnownFileType = sourcecode.c.h; path = "NSArray+BlocksKit.h"; sourceTree = "<group>"; };
		1CF537D01B93FF5600FBA3F3 /* NSArray+BlocksKit.m */ = {isa = PBXFileReference; fileEncoding = 4; lastKnownFileType = sourcecode.c.objc; path = "NSArray+BlocksKit.m"; sourceTree = "<group>"; };
		1CF537D11B93FF5600FBA3F3 /* NSDictionary+BlocksKit.h */ = {isa = PBXFileReference; fileEncoding = 4; lastKnownFileType = sourcecode.c.h; path = "NSDictionary+BlocksKit.h"; sourceTree = "<group>"; };
		1CF537D21B93FF5600FBA3F3 /* NSDictionary+BlocksKit.m */ = {isa = PBXFileReference; fileEncoding = 4; lastKnownFileType = sourcecode.c.objc; path = "NSDictionary+BlocksKit.m"; sourceTree = "<group>"; };
		1CF537D31B93FF5600FBA3F3 /* NSIndexSet+BlocksKit.h */ = {isa = PBXFileReference; fileEncoding = 4; lastKnownFileType = sourcecode.c.h; path = "NSIndexSet+BlocksKit.h"; sourceTree = "<group>"; };
		1CF537D41B93FF5600FBA3F3 /* NSIndexSet+BlocksKit.m */ = {isa = PBXFileReference; fileEncoding = 4; lastKnownFileType = sourcecode.c.objc; path = "NSIndexSet+BlocksKit.m"; sourceTree = "<group>"; };
		1CF537D51B93FF5600FBA3F3 /* NSInvocation+BlocksKit.h */ = {isa = PBXFileReference; fileEncoding = 4; lastKnownFileType = sourcecode.c.h; path = "NSInvocation+BlocksKit.h"; sourceTree = "<group>"; };
		1CF537D61B93FF5600FBA3F3 /* NSInvocation+BlocksKit.m */ = {isa = PBXFileReference; fileEncoding = 4; lastKnownFileType = sourcecode.c.objc; path = "NSInvocation+BlocksKit.m"; sourceTree = "<group>"; };
		1CF537D71B93FF5600FBA3F3 /* NSMapTable+BlocksKit.h */ = {isa = PBXFileReference; fileEncoding = 4; lastKnownFileType = sourcecode.c.h; path = "NSMapTable+BlocksKit.h"; sourceTree = "<group>"; };
		1CF537D81B93FF5600FBA3F3 /* NSMapTable+BlocksKit.m */ = {isa = PBXFileReference; fileEncoding = 4; lastKnownFileType = sourcecode.c.objc; path = "NSMapTable+BlocksKit.m"; sourceTree = "<group>"; };
		1CF537D91B93FF5600FBA3F3 /* NSMutableArray+BlocksKit.h */ = {isa = PBXFileReference; fileEncoding = 4; lastKnownFileType = sourcecode.c.h; path = "NSMutableArray+BlocksKit.h"; sourceTree = "<group>"; };
		1CF537DA1B93FF5600FBA3F3 /* NSMutableArray+BlocksKit.m */ = {isa = PBXFileReference; fileEncoding = 4; lastKnownFileType = sourcecode.c.objc; path = "NSMutableArray+BlocksKit.m"; sourceTree = "<group>"; };
		1CF537DB1B93FF5600FBA3F3 /* NSMutableDictionary+BlocksKit.h */ = {isa = PBXFileReference; fileEncoding = 4; lastKnownFileType = sourcecode.c.h; path = "NSMutableDictionary+BlocksKit.h"; sourceTree = "<group>"; };
		1CF537DC1B93FF5600FBA3F3 /* NSMutableDictionary+BlocksKit.m */ = {isa = PBXFileReference; fileEncoding = 4; lastKnownFileType = sourcecode.c.objc; path = "NSMutableDictionary+BlocksKit.m"; sourceTree = "<group>"; };
		1CF537DD1B93FF5600FBA3F3 /* NSMutableIndexSet+BlocksKit.h */ = {isa = PBXFileReference; fileEncoding = 4; lastKnownFileType = sourcecode.c.h; path = "NSMutableIndexSet+BlocksKit.h"; sourceTree = "<group>"; };
		1CF537DE1B93FF5600FBA3F3 /* NSMutableIndexSet+BlocksKit.m */ = {isa = PBXFileReference; fileEncoding = 4; lastKnownFileType = sourcecode.c.objc; path = "NSMutableIndexSet+BlocksKit.m"; sourceTree = "<group>"; };
		1CF537DF1B93FF5600FBA3F3 /* NSMutableOrderedSet+BlocksKit.h */ = {isa = PBXFileReference; fileEncoding = 4; lastKnownFileType = sourcecode.c.h; path = "NSMutableOrderedSet+BlocksKit.h"; sourceTree = "<group>"; };
		1CF537E01B93FF5600FBA3F3 /* NSMutableOrderedSet+BlocksKit.m */ = {isa = PBXFileReference; fileEncoding = 4; lastKnownFileType = sourcecode.c.objc; path = "NSMutableOrderedSet+BlocksKit.m"; sourceTree = "<group>"; };
		1CF537E11B93FF5600FBA3F3 /* NSMutableSet+BlocksKit.h */ = {isa = PBXFileReference; fileEncoding = 4; lastKnownFileType = sourcecode.c.h; path = "NSMutableSet+BlocksKit.h"; sourceTree = "<group>"; };
		1CF537E21B93FF5600FBA3F3 /* NSMutableSet+BlocksKit.m */ = {isa = PBXFileReference; fileEncoding = 4; lastKnownFileType = sourcecode.c.objc; path = "NSMutableSet+BlocksKit.m"; sourceTree = "<group>"; };
		1CF537E31B93FF5600FBA3F3 /* NSObject+BKAssociatedObjects.h */ = {isa = PBXFileReference; fileEncoding = 4; lastKnownFileType = sourcecode.c.h; path = "NSObject+BKAssociatedObjects.h"; sourceTree = "<group>"; };
		1CF537E41B93FF5600FBA3F3 /* NSObject+BKAssociatedObjects.m */ = {isa = PBXFileReference; fileEncoding = 4; lastKnownFileType = sourcecode.c.objc; path = "NSObject+BKAssociatedObjects.m"; sourceTree = "<group>"; };
		1CF537E51B93FF5600FBA3F3 /* NSObject+BKBlockExecution.h */ = {isa = PBXFileReference; fileEncoding = 4; lastKnownFileType = sourcecode.c.h; path = "NSObject+BKBlockExecution.h"; sourceTree = "<group>"; };
		1CF537E61B93FF5600FBA3F3 /* NSObject+BKBlockExecution.m */ = {isa = PBXFileReference; fileEncoding = 4; lastKnownFileType = sourcecode.c.objc; path = "NSObject+BKBlockExecution.m"; sourceTree = "<group>"; };
		1CF537E71B93FF5600FBA3F3 /* NSObject+BKBlockObservation.h */ = {isa = PBXFileReference; fileEncoding = 4; lastKnownFileType = sourcecode.c.h; path = "NSObject+BKBlockObservation.h"; sourceTree = "<group>"; };
		1CF537E81B93FF5600FBA3F3 /* NSObject+BKBlockObservation.m */ = {isa = PBXFileReference; fileEncoding = 4; lastKnownFileType = sourcecode.c.objc; path = "NSObject+BKBlockObservation.m"; sourceTree = "<group>"; };
		1CF537E91B93FF5600FBA3F3 /* NSOrderedSet+BlocksKit.h */ = {isa = PBXFileReference; fileEncoding = 4; lastKnownFileType = sourcecode.c.h; path = "NSOrderedSet+BlocksKit.h"; sourceTree = "<group>"; };
		1CF537EA1B93FF5600FBA3F3 /* NSOrderedSet+BlocksKit.m */ = {isa = PBXFileReference; fileEncoding = 4; lastKnownFileType = sourcecode.c.objc; path = "NSOrderedSet+BlocksKit.m"; sourceTree = "<group>"; };
		1CF537EB1B93FF5600FBA3F3 /* NSSet+BlocksKit.h */ = {isa = PBXFileReference; fileEncoding = 4; lastKnownFileType = sourcecode.c.h; path = "NSSet+BlocksKit.h"; sourceTree = "<group>"; };
		1CF537EC1B93FF5600FBA3F3 /* NSSet+BlocksKit.m */ = {isa = PBXFileReference; fileEncoding = 4; lastKnownFileType = sourcecode.c.objc; path = "NSSet+BlocksKit.m"; sourceTree = "<group>"; };
		1CF537ED1B93FF5600FBA3F3 /* NSTimer+BlocksKit.h */ = {isa = PBXFileReference; fileEncoding = 4; lastKnownFileType = sourcecode.c.h; path = "NSTimer+BlocksKit.h"; sourceTree = "<group>"; };
		1CF537EE1B93FF5600FBA3F3 /* NSTimer+BlocksKit.m */ = {isa = PBXFileReference; fileEncoding = 4; lastKnownFileType = sourcecode.c.objc; path = "NSTimer+BlocksKit.m"; sourceTree = "<group>"; };
		1CF537F01B93FF5600FBA3F3 /* UIBarButtonItem+BlocksKit.h */ = {isa = PBXFileReference; fileEncoding = 4; lastKnownFileType = sourcecode.c.h; path = "UIBarButtonItem+BlocksKit.h"; sourceTree = "<group>"; };
		1CF537F11B93FF5600FBA3F3 /* UIBarButtonItem+BlocksKit.m */ = {isa = PBXFileReference; fileEncoding = 4; lastKnownFileType = sourcecode.c.objc; path = "UIBarButtonItem+BlocksKit.m"; sourceTree = "<group>"; };
		1CF537F21B93FF5600FBA3F3 /* UIControl+BlocksKit.h */ = {isa = PBXFileReference; fileEncoding = 4; lastKnownFileType = sourcecode.c.h; path = "UIControl+BlocksKit.h"; sourceTree = "<group>"; };
		1CF537F31B93FF5600FBA3F3 /* UIControl+BlocksKit.m */ = {isa = PBXFileReference; fileEncoding = 4; lastKnownFileType = sourcecode.c.objc; path = "UIControl+BlocksKit.m"; sourceTree = "<group>"; };
		1CF537F41B93FF5600FBA3F3 /* UIGestureRecognizer+BlocksKit.h */ = {isa = PBXFileReference; fileEncoding = 4; lastKnownFileType = sourcecode.c.h; path = "UIGestureRecognizer+BlocksKit.h"; sourceTree = "<group>"; };
		1CF537F51B93FF5600FBA3F3 /* UIGestureRecognizer+BlocksKit.m */ = {isa = PBXFileReference; fileEncoding = 4; lastKnownFileType = sourcecode.c.objc; path = "UIGestureRecognizer+BlocksKit.m"; sourceTree = "<group>"; };
		1CF537F61B93FF5600FBA3F3 /* UIView+BlocksKit.h */ = {isa = PBXFileReference; fileEncoding = 4; lastKnownFileType = sourcecode.c.h; path = "UIView+BlocksKit.h"; sourceTree = "<group>"; };
		1CF537F71B93FF5600FBA3F3 /* UIView+BlocksKit.m */ = {isa = PBXFileReference; fileEncoding = 4; lastKnownFileType = sourcecode.c.objc; path = "UIView+BlocksKit.m"; sourceTree = "<group>"; };
		1CF537F91B93FF5600FBA3F3 /* HiraMinProN-W6.ttf */ = {isa = PBXFileReference; lastKnownFileType = file; path = "HiraMinProN-W6.ttf"; sourceTree = "<group>"; };
		1CF537FA1B93FF5600FBA3F3 /* SourceHanSansCN-Medium.otf */ = {isa = PBXFileReference; lastKnownFileType = file; path = "SourceHanSansCN-Medium.otf"; sourceTree = "<group>"; };
		1CF537FD1B93FF5600FBA3F3 /* TKDefine.h */ = {isa = PBXFileReference; fileEncoding = 4; lastKnownFileType = sourcecode.c.h; path = TKDefine.h; sourceTree = "<group>"; };
		1CF537FE1B93FF5600FBA3F3 /* TKGloble.h */ = {isa = PBXFileReference; fileEncoding = 4; lastKnownFileType = sourcecode.c.h; path = TKGloble.h; sourceTree = "<group>"; };
		1CF537FF1B93FF5600FBA3F3 /* TKGloble.m */ = {isa = PBXFileReference; fileEncoding = 4; lastKnownFileType = sourcecode.c.objc; path = TKGloble.m; sourceTree = "<group>"; };
		1CF5555E1B9597F800FBA3F3 /* FBShimmering-Prefix.pch */ = {isa = PBXFileReference; fileEncoding = 4; lastKnownFileType = sourcecode.c.h; path = "FBShimmering-Prefix.pch"; sourceTree = "<group>"; };
		1CF5555F1B9597F800FBA3F3 /* FBShimmering.h */ = {isa = PBXFileReference; fileEncoding = 4; lastKnownFileType = sourcecode.c.h; path = FBShimmering.h; sourceTree = "<group>"; };
		1CF555601B9597F800FBA3F3 /* FBShimmeringLayer.h */ = {isa = PBXFileReference; fileEncoding = 4; lastKnownFileType = sourcecode.c.h; path = FBShimmeringLayer.h; sourceTree = "<group>"; };
		1CF555611B9597F800FBA3F3 /* FBShimmeringLayer.m */ = {isa = PBXFileReference; fileEncoding = 4; lastKnownFileType = sourcecode.c.objc; path = FBShimmeringLayer.m; sourceTree = "<group>"; };
		1CF555621B9597F800FBA3F3 /* FBShimmeringView.h */ = {isa = PBXFileReference; fileEncoding = 4; lastKnownFileType = sourcecode.c.h; path = FBShimmeringView.h; sourceTree = "<group>"; };
		1CF555631B9597F800FBA3F3 /* FBShimmeringView.m */ = {isa = PBXFileReference; fileEncoding = 4; lastKnownFileType = sourcecode.c.objc; path = FBShimmeringView.m; sourceTree = "<group>"; };
/* End PBXFileReference section */

/* Begin PBXFrameworksBuildPhase section */
		1C15D1A51B9189EB000A2615 /* Frameworks */ = {
			isa = PBXFrameworksBuildPhase;
			buildActionMask = 2147483647;
			files = (
			);
			runOnlyForDeploymentPostprocessing = 0;
		};
		1C15D1BE1B9189EB000A2615 /* Frameworks */ = {
			isa = PBXFrameworksBuildPhase;
			buildActionMask = 2147483647;
			files = (
			);
			runOnlyForDeploymentPostprocessing = 0;
		};
/* End PBXFrameworksBuildPhase section */

/* Begin PBXGroup section */
		1C15D19F1B9189EB000A2615 = {
			isa = PBXGroup;
			children = (
				1C15D1AA1B9189EB000A2615 /* ThreeKingdomsPass */,
				1C15D1C41B9189EB000A2615 /* ThreeKingdomsPassTests */,
				1C15D1A91B9189EB000A2615 /* Products */,
			);
			sourceTree = "<group>";
		};
		1C15D1A91B9189EB000A2615 /* Products */ = {
			isa = PBXGroup;
			children = (
				1C15D1A81B9189EB000A2615 /* ThreeKingdomsPass.app */,
				1C15D1C11B9189EB000A2615 /* ThreeKingdomsPassTests.xctest */,
			);
			name = Products;
			sourceTree = "<group>";
		};
		1C15D1AA1B9189EB000A2615 /* ThreeKingdomsPass */ = {
			isa = PBXGroup;
			children = (
				1CE686261B95B28000C73E81 /* Images */,
				1CF537BF1B93FF5600FBA3F3 /* Classes */,
				1C15D1AF1B9189EB000A2615 /* AppDelegate.h */,
				1C15D1B01B9189EB000A2615 /* AppDelegate.m */,
				1C15D1B21B9189EB000A2615 /* ViewController.h */,
				1C15D1B31B9189EB000A2615 /* ViewController.m */,
				1C15D1B51B9189EB000A2615 /* Main.storyboard */,
				1C15D1B81B9189EB000A2615 /* Images.xcassets */,
				1C15D1BA1B9189EB000A2615 /* LaunchScreen.xib */,
				1C15D1AB1B9189EB000A2615 /* Supporting Files */,
			);
			path = ThreeKingdomsPass;
			sourceTree = "<group>";
		};
		1C15D1AB1B9189EB000A2615 /* Supporting Files */ = {
			isa = PBXGroup;
			children = (
				1C15D1AC1B9189EB000A2615 /* Info.plist */,
				1C15D1AD1B9189EB000A2615 /* main.m */,
			);
			name = "Supporting Files";
			sourceTree = "<group>";
		};
		1C15D1C41B9189EB000A2615 /* ThreeKingdomsPassTests */ = {
			isa = PBXGroup;
			children = (
				1C15D1C71B9189EB000A2615 /* ThreeKingdomsPassTests.m */,
				1C15D1C51B9189EB000A2615 /* Supporting Files */,
			);
			path = ThreeKingdomsPassTests;
			sourceTree = "<group>";
		};
		1C15D1C51B9189EB000A2615 /* Supporting Files */ = {
			isa = PBXGroup;
			children = (
				1C15D1C61B9189EB000A2615 /* Info.plist */,
			);
			name = "Supporting Files";
			sourceTree = "<group>";
		};
		1C6F4AED1B9FF59300BED00F /* Transition */ = {
			isa = PBXGroup;
			children = (
				1C6F4AEE1B9FF59300BED00F /* TransitionAnimator.h */,
				1C6F4AEF1B9FF59300BED00F /* TransitionAnimator.m */,
				1C6F4AF01B9FF59300BED00F /* TransitionHorizontalLinesAnimator.h */,
				1C6F4AF11B9FF59300BED00F /* TransitionHorizontalLinesAnimator.m */,
			);
			path = Transition;
			sourceTree = "<group>";
		};
		1CE686261B95B28000C73E81 /* Images */ = {
			isa = PBXGroup;
			children = (
				1CEF64641BA032450014C550 /* CardImages */,
				1C6F2DAF1B9EBE2700BED00F /* game_background.jpg */,
				1CE686271B95B28000C73E81 /* background.jpg */,
			);
			path = Images;
			sourceTree = "<group>";
		};
		1CEF645A1BA01EFB0014C550 /* Game */ = {
			isa = PBXGroup;
			children = (
				1CEF645B1BA01EFB0014C550 /* Card */,
				1CEF64611BA0200A0014C550 /* TKGame.h */,
				1CEF64621BA0200A0014C550 /* TKGame.m */,
			);
			path = Game;
			sourceTree = "<group>";
		};
		1CEF645B1BA01EFB0014C550 /* Card */ = {
			isa = PBXGroup;
			children = (
				1CEF645C1BA01EFB0014C550 /* card.pass */,
				1CEF645D1BA01EFB0014C550 /* TKGameCardData.h */,
				1CEF645E1BA01EFB0014C550 /* TKGameCardData.m */,
			);
			path = Card;
			sourceTree = "<group>";
		};
		1CEF64641BA032450014C550 /* CardImages */ = {
			isa = PBXGroup;
			children = (
				1CEF64651BA032450014C550 /* Basic */,
				1CEF646C1BA032450014C550 /* Equipment */,
				1CEF64821BA032450014C550 /* Kits */,
			);
			path = CardImages;
			sourceTree = "<group>";
		};
		1CEF64651BA032450014C550 /* Basic */ = {
			isa = PBXGroup;
			children = (
				1CEF64661BA032450014C550 /* card_huosha_image.jpg */,
				1CEF64671BA032450014C550 /* card_jiu_image.jpg */,
				1CEF64681BA032450014C550 /* card_leisha_image.jpg */,
				1CEF64691BA032450014C550 /* card_sha_image.jpg */,
				1CEF646A1BA032450014C550 /* card_shan_image.jpg */,
				1CEF646B1BA032450014C550 /* card_tao_image.jpg */,
			);
			path = Basic;
			sourceTree = "<group>";
		};
		1CEF646C1BA032450014C550 /* Equipment */ = {
			isa = PBXGroup;
			children = (
				1CEF646D1BA032450014C550 /* card_baguazhen_image.jpg */,
				1CEF646E1BA032450014C550 /* card_baiyinshizi_image.jpg */,
				1CEF646F1BA032450014C550 /* card_chitu_image.jpg */,
				1CEF64701BA032450014C550 /* card_cixiongshuanggujian_image.jpg */,
				1CEF64711BA032450014C550 /* card_dawan_image.jpg */,
				1CEF64721BA032450014C550 /* card_dilu_image.jpg */,
				1CEF64731BA032450014C550 /* card_fangtianhuaji_image.jpg */,
				1CEF64741BA032450014C550 /* card_guanshifu_image.jpg */,
				1CEF64751BA032450014C550 /* card_gudingdao_image.jpg */,
				1CEF64761BA032450014C550 /* card_hanbingjian_image.jpg */,
				1CEF64771BA032450014C550 /* card_jueying_image.jpg */,
				1CEF64781BA032450014C550 /* card_qilingong_image.jpg */,
				1CEF64791BA032450014C550 /* card_qinggangjian_image.jpg */,
				1CEF647A1BA032450014C550 /* card_qinglongyanyuedao_image.jpg */,
				1CEF647B1BA032450014C550 /* card_renwangdun_image.jpg */,
				1CEF647C1BA032450014C550 /* card_tengjia_image.jpg */,
				1CEF647D1BA032450014C550 /* card_zhangbashemao_image.jpg */,
				1CEF647E1BA032450014C550 /* card_zhuahuangfeidian_image.jpg */,
				1CEF647F1BA032450014C550 /* card_zhugeliannu_image.jpg */,
				1CEF64801BA032450014C550 /* card_zhuqueyushan_image.jpg */,
				1CEF64811BA032450014C550 /* card_zixin_image.jpg */,
			);
			path = Equipment;
			sourceTree = "<group>";
		};
		1CEF64821BA032450014C550 /* Kits */ = {
			isa = PBXGroup;
			children = (
				1CEF64831BA032450014C550 /* card_bingliangcunduan_image.jpg */,
				1CEF64841BA032450014C550 /* card_guohechaiqiao_image.jpg */,
				1CEF64851BA032450014C550 /* card_huogong_image.jpg */,
				1CEF64861BA032450014C550 /* card_jiedaosharen_image.jpg */,
				1CEF64871BA032450014C550 /* card_juedou_image.jpg */,
				1CEF64881BA032450014C550 /* card_lebusishu_image.jpg */,
				1CEF64891BA032450014C550 /* card_nanmanruqin_image.jpg */,
				1CEF648A1BA032450014C550 /* card_shandian_image.jpg */,
				1CEF648B1BA032450014C550 /* card_shunshouqianyang_image.jpg */,
				1CEF648C1BA032450014C550 /* card_taoyuanjieyi_image.jpg */,
				1CEF648D1BA032450014C550 /* card_tiesuolianhuan_image.jpg */,
				1CEF648E1BA032450014C550 /* card_wanjianqifa_image.jpg */,
				1CEF648F1BA032450014C550 /* card_wugufengdeng_image.jpg */,
				1CEF64901BA032450014C550 /* card_wuxiekeji_image.jpg */,
				1CEF64911BA032450014C550 /* card_wuzhongshengyou_image.jpg */,
			);
			path = Kits;
			sourceTree = "<group>";
		};
		1CF537BF1B93FF5600FBA3F3 /* Classes */ = {
			isa = PBXGroup;
			children = (
				1CF537C01B93FF5600FBA3F3 /* Base */,
				1CF537C31B93FF5600FBA3F3 /* Branch */,
				1CF537C91B93FF5600FBA3F3 /* ClassKit */,
				1CF537FB1B93FF5600FBA3F3 /* Data */,
			);
			path = Classes;
			sourceTree = "<group>";
		};
		1CF537C01B93FF5600FBA3F3 /* Base */ = {
			isa = PBXGroup;
			children = (
				1C6F4AED1B9FF59300BED00F /* Transition */,
				1CF537C11B93FF5600FBA3F3 /* BaseViewController.h */,
				1CF537C21B93FF5600FBA3F3 /* BaseViewController.m */,
			);
			path = Base;
			sourceTree = "<group>";
		};
		1CF537C31B93FF5600FBA3F3 /* Branch */ = {
			isa = PBXGroup;
			children = (
				1CF537C41B93FF5600FBA3F3 /* Game */,
				1CF537C71B93FF5600FBA3F3 /* TKHomePageViewController.h */,
				1CF537C81B93FF5600FBA3F3 /* TKHomePageViewController.m */,
			);
			path = Branch;
			sourceTree = "<group>";
		};
		1CF537C41B93FF5600FBA3F3 /* Game */ = {
			isa = PBXGroup;
			children = (
				1CF537C51B93FF5600FBA3F3 /* TKGameViewController.h */,
				1CF537C61B93FF5600FBA3F3 /* TKGameViewController.m */,
			);
			path = Game;
			sourceTree = "<group>";
		};
		1CF537C91B93FF5600FBA3F3 /* ClassKit */ = {
			isa = PBXGroup;
			children = (
				1CF5555D1B9597F800FBA3F3 /* FBShimmering */,
				1CF537CA1B93FF5600FBA3F3 /* BlocksKit */,
				1CF537F81B93FF5600FBA3F3 /* Fonts */,
			);
			path = ClassKit;
			sourceTree = "<group>";
		};
		1CF537CA1B93FF5600FBA3F3 /* BlocksKit */ = {
			isa = PBXGroup;
			children = (
				1CF537CB1B93FF5600FBA3F3 /* BlocksKit+UIKit.h */,
				1CF537CC1B93FF5600FBA3F3 /* BlocksKit.h */,
				1CF537CD1B93FF5600FBA3F3 /* Core */,
				1CF537EF1B93FF5600FBA3F3 /* UIKit */,
			);
			path = BlocksKit;
			sourceTree = "<group>";
		};
		1CF537CD1B93FF5600FBA3F3 /* Core */ = {
			isa = PBXGroup;
			children = (
				1CF537CE1B93FF5600FBA3F3 /* BKMacros.h */,
				1CF537CF1B93FF5600FBA3F3 /* NSArray+BlocksKit.h */,
				1CF537D01B93FF5600FBA3F3 /* NSArray+BlocksKit.m */,
				1CF537D11B93FF5600FBA3F3 /* NSDictionary+BlocksKit.h */,
				1CF537D21B93FF5600FBA3F3 /* NSDictionary+BlocksKit.m */,
				1CF537D31B93FF5600FBA3F3 /* NSIndexSet+BlocksKit.h */,
				1CF537D41B93FF5600FBA3F3 /* NSIndexSet+BlocksKit.m */,
				1CF537D51B93FF5600FBA3F3 /* NSInvocation+BlocksKit.h */,
				1CF537D61B93FF5600FBA3F3 /* NSInvocation+BlocksKit.m */,
				1CF537D71B93FF5600FBA3F3 /* NSMapTable+BlocksKit.h */,
				1CF537D81B93FF5600FBA3F3 /* NSMapTable+BlocksKit.m */,
				1CF537D91B93FF5600FBA3F3 /* NSMutableArray+BlocksKit.h */,
				1CF537DA1B93FF5600FBA3F3 /* NSMutableArray+BlocksKit.m */,
				1CF537DB1B93FF5600FBA3F3 /* NSMutableDictionary+BlocksKit.h */,
				1CF537DC1B93FF5600FBA3F3 /* NSMutableDictionary+BlocksKit.m */,
				1CF537DD1B93FF5600FBA3F3 /* NSMutableIndexSet+BlocksKit.h */,
				1CF537DE1B93FF5600FBA3F3 /* NSMutableIndexSet+BlocksKit.m */,
				1CF537DF1B93FF5600FBA3F3 /* NSMutableOrderedSet+BlocksKit.h */,
				1CF537E01B93FF5600FBA3F3 /* NSMutableOrderedSet+BlocksKit.m */,
				1CF537E11B93FF5600FBA3F3 /* NSMutableSet+BlocksKit.h */,
				1CF537E21B93FF5600FBA3F3 /* NSMutableSet+BlocksKit.m */,
				1CF537E31B93FF5600FBA3F3 /* NSObject+BKAssociatedObjects.h */,
				1CF537E41B93FF5600FBA3F3 /* NSObject+BKAssociatedObjects.m */,
				1CF537E51B93FF5600FBA3F3 /* NSObject+BKBlockExecution.h */,
				1CF537E61B93FF5600FBA3F3 /* NSObject+BKBlockExecution.m */,
				1CF537E71B93FF5600FBA3F3 /* NSObject+BKBlockObservation.h */,
				1CF537E81B93FF5600FBA3F3 /* NSObject+BKBlockObservation.m */,
				1CF537E91B93FF5600FBA3F3 /* NSOrderedSet+BlocksKit.h */,
				1CF537EA1B93FF5600FBA3F3 /* NSOrderedSet+BlocksKit.m */,
				1CF537EB1B93FF5600FBA3F3 /* NSSet+BlocksKit.h */,
				1CF537EC1B93FF5600FBA3F3 /* NSSet+BlocksKit.m */,
				1CF537ED1B93FF5600FBA3F3 /* NSTimer+BlocksKit.h */,
				1CF537EE1B93FF5600FBA3F3 /* NSTimer+BlocksKit.m */,
			);
			path = Core;
			sourceTree = "<group>";
		};
		1CF537EF1B93FF5600FBA3F3 /* UIKit */ = {
			isa = PBXGroup;
			children = (
				1CF537F01B93FF5600FBA3F3 /* UIBarButtonItem+BlocksKit.h */,
				1CF537F11B93FF5600FBA3F3 /* UIBarButtonItem+BlocksKit.m */,
				1CF537F21B93FF5600FBA3F3 /* UIControl+BlocksKit.h */,
				1CF537F31B93FF5600FBA3F3 /* UIControl+BlocksKit.m */,
				1CF537F41B93FF5600FBA3F3 /* UIGestureRecognizer+BlocksKit.h */,
				1CF537F51B93FF5600FBA3F3 /* UIGestureRecognizer+BlocksKit.m */,
				1CF537F61B93FF5600FBA3F3 /* UIView+BlocksKit.h */,
				1CF537F71B93FF5600FBA3F3 /* UIView+BlocksKit.m */,
			);
			path = UIKit;
			sourceTree = "<group>";
		};
		1CF537F81B93FF5600FBA3F3 /* Fonts */ = {
			isa = PBXGroup;
			children = (
				1CF537F91B93FF5600FBA3F3 /* HiraMinProN-W6.ttf */,
				1CF537FA1B93FF5600FBA3F3 /* SourceHanSansCN-Medium.otf */,
			);
			path = Fonts;
			sourceTree = "<group>";
		};
		1CF537FB1B93FF5600FBA3F3 /* Data */ = {
			isa = PBXGroup;
			children = (
				1CEF645A1BA01EFB0014C550 /* Game */,
				1CF537FC1B93FF5600FBA3F3 /* Globle */,
			);
			path = Data;
			sourceTree = "<group>";
		};
		1CF537FC1B93FF5600FBA3F3 /* Globle */ = {
			isa = PBXGroup;
			children = (
				1CF537FD1B93FF5600FBA3F3 /* TKDefine.h */,
				1CF537FE1B93FF5600FBA3F3 /* TKGloble.h */,
				1CF537FF1B93FF5600FBA3F3 /* TKGloble.m */,
			);
			path = Globle;
			sourceTree = "<group>";
		};
		1CF5555D1B9597F800FBA3F3 /* FBShimmering */ = {
			isa = PBXGroup;
			children = (
				1CF5555E1B9597F800FBA3F3 /* FBShimmering-Prefix.pch */,
				1CF5555F1B9597F800FBA3F3 /* FBShimmering.h */,
				1CF555601B9597F800FBA3F3 /* FBShimmeringLayer.h */,
				1CF555611B9597F800FBA3F3 /* FBShimmeringLayer.m */,
				1CF555621B9597F800FBA3F3 /* FBShimmeringView.h */,
				1CF555631B9597F800FBA3F3 /* FBShimmeringView.m */,
			);
			path = FBShimmering;
			sourceTree = "<group>";
		};
/* End PBXGroup section */

/* Begin PBXNativeTarget section */
		1C15D1A71B9189EB000A2615 /* ThreeKingdomsPass */ = {
			isa = PBXNativeTarget;
			buildConfigurationList = 1C15D1CB1B9189EB000A2615 /* Build configuration list for PBXNativeTarget "ThreeKingdomsPass" */;
			buildPhases = (
				1C15D1A41B9189EB000A2615 /* Sources */,
				1C15D1A51B9189EB000A2615 /* Frameworks */,
				1C15D1A61B9189EB000A2615 /* Resources */,
			);
			buildRules = (
			);
			dependencies = (
			);
			name = ThreeKingdomsPass;
			productName = ThreeKingdomsPass;
			productReference = 1C15D1A81B9189EB000A2615 /* ThreeKingdomsPass.app */;
			productType = "com.apple.product-type.application";
		};
		1C15D1C01B9189EB000A2615 /* ThreeKingdomsPassTests */ = {
			isa = PBXNativeTarget;
			buildConfigurationList = 1C15D1CE1B9189EB000A2615 /* Build configuration list for PBXNativeTarget "ThreeKingdomsPassTests" */;
			buildPhases = (
				1C15D1BD1B9189EB000A2615 /* Sources */,
				1C15D1BE1B9189EB000A2615 /* Frameworks */,
				1C15D1BF1B9189EB000A2615 /* Resources */,
			);
			buildRules = (
			);
			dependencies = (
				1C15D1C31B9189EB000A2615 /* PBXTargetDependency */,
			);
			name = ThreeKingdomsPassTests;
			productName = ThreeKingdomsPassTests;
			productReference = 1C15D1C11B9189EB000A2615 /* ThreeKingdomsPassTests.xctest */;
			productType = "com.apple.product-type.bundle.unit-test";
		};
/* End PBXNativeTarget section */

/* Begin PBXProject section */
		1C15D1A01B9189EB000A2615 /* Project object */ = {
			isa = PBXProject;
			attributes = {
				LastUpgradeCheck = 0640;
				ORGANIZATIONNAME = "刘潋";
				TargetAttributes = {
					1C15D1A71B9189EB000A2615 = {
						CreatedOnToolsVersion = 6.4;
					};
					1C15D1C01B9189EB000A2615 = {
						CreatedOnToolsVersion = 6.4;
						TestTargetID = 1C15D1A71B9189EB000A2615;
					};
				};
			};
			buildConfigurationList = 1C15D1A31B9189EB000A2615 /* Build configuration list for PBXProject "ThreeKingdomsPass" */;
			compatibilityVersion = "Xcode 3.2";
			developmentRegion = English;
			hasScannedForEncodings = 0;
			knownRegions = (
				en,
				Base,
			);
			mainGroup = 1C15D19F1B9189EB000A2615;
			productRefGroup = 1C15D1A91B9189EB000A2615 /* Products */;
			projectDirPath = "";
			projectRoot = "";
			targets = (
				1C15D1A71B9189EB000A2615 /* ThreeKingdomsPass */,
				1C15D1C01B9189EB000A2615 /* ThreeKingdomsPassTests */,
			);
		};
/* End PBXProject section */

/* Begin PBXResourcesBuildPhase section */
		1C15D1A61B9189EB000A2615 /* Resources */ = {
			isa = PBXResourcesBuildPhase;
			buildActionMask = 2147483647;
			files = (
				1CEF64A81BA032450014C550 /* card_zhangbashemao_image.jpg in Resources */,
				1CEF64951BA032450014C550 /* card_sha_image.jpg in Resources */,
				1CEF649A1BA032450014C550 /* card_chitu_image.jpg in Resources */,
				1CEF645F1BA01EFB0014C550 /* card.pass in Resources */,
				1CEF64B71BA032450014C550 /* card_tiesuolianhuan_image.jpg in Resources */,
				1CEF64A91BA032450014C550 /* card_zhuahuangfeidian_image.jpg in Resources */,
				1CEF649B1BA032450014C550 /* card_cixiongshuanggujian_image.jpg in Resources */,
				1CEF64961BA032450014C550 /* card_shan_image.jpg in Resources */,
				1CEF64AE1BA032450014C550 /* card_guohechaiqiao_image.jpg in Resources */,
				1CEF64B21BA032450014C550 /* card_lebusishu_image.jpg in Resources */,
				1CEF64A21BA032450014C550 /* card_jueying_image.jpg in Resources */,
				1CEF64A11BA032450014C550 /* card_hanbingjian_image.jpg in Resources */,
				1CEF64A61BA032450014C550 /* card_renwangdun_image.jpg in Resources */,
				1C15D1B71B9189EB000A2615 /* Main.storyboard in Resources */,
				1CEF64B61BA032450014C550 /* card_taoyuanjieyi_image.jpg in Resources */,
				1CF538181B93FF5600FBA3F3 /* SourceHanSansCN-Medium.otf in Resources */,
				1CEF64B51BA032450014C550 /* card_shunshouqianyang_image.jpg in Resources */,
				1CEF64941BA032450014C550 /* card_leisha_image.jpg in Resources */,
				1CEF649F1BA032450014C550 /* card_guanshifu_image.jpg in Resources */,
				1CEF64A71BA032450014C550 /* card_tengjia_image.jpg in Resources */,
				1CEF64921BA032450014C550 /* card_huosha_image.jpg in Resources */,
				1CEF64991BA032450014C550 /* card_baiyinshizi_image.jpg in Resources */,
				1CEF64931BA032450014C550 /* card_jiu_image.jpg in Resources */,
				1CEF64B11BA032450014C550 /* card_juedou_image.jpg in Resources */,
				1C15D1BC1B9189EB000A2615 /* LaunchScreen.xib in Resources */,
				1CEF649C1BA032450014C550 /* card_dawan_image.jpg in Resources */,
				1CEF64BB1BA032450014C550 /* card_wuzhongshengyou_image.jpg in Resources */,
				1CEF64BA1BA032450014C550 /* card_wuxiekeji_image.jpg in Resources */,
				1CE686281B95B28000C73E81 /* background.jpg in Resources */,
				1CEF64B91BA032450014C550 /* card_wugufengdeng_image.jpg in Resources */,
				1C15D1B91B9189EB000A2615 /* Images.xcassets in Resources */,
				1CEF64A31BA032450014C550 /* card_qilingong_image.jpg in Resources */,
				1CEF649D1BA032450014C550 /* card_dilu_image.jpg in Resources */,
				1CEF64B41BA032450014C550 /* card_shandian_image.jpg in Resources */,
				1CEF64A51BA032450014C550 /* card_qinglongyanyuedao_image.jpg in Resources */,
				1CEF64AA1BA032450014C550 /* card_zhugeliannu_image.jpg in Resources */,
				1CEF64AD1BA032450014C550 /* card_bingliangcunduan_image.jpg in Resources */,
				1CF538171B93FF5600FBA3F3 /* HiraMinProN-W6.ttf in Resources */,
				1CEF64971BA032450014C550 /* card_tao_image.jpg in Resources */,
				1CEF64A41BA032450014C550 /* card_qinggangjian_image.jpg in Resources */,
				1CEF649E1BA032450014C550 /* card_fangtianhuaji_image.jpg in Resources */,
				1CEF64B31BA032450014C550 /* card_nanmanruqin_image.jpg in Resources */,
				1C6F2DB01B9EBE2700BED00F /* game_background.jpg in Resources */,
				1CEF64B81BA032450014C550 /* card_wanjianqifa_image.jpg in Resources */,
				1CEF64AF1BA032450014C550 /* card_huogong_image.jpg in Resources */,
				1CEF64A01BA032450014C550 /* card_gudingdao_image.jpg in Resources */,
				1CEF64981BA032450014C550 /* card_baguazhen_image.jpg in Resources */,
				1CEF64B01BA032450014C550 /* card_jiedaosharen_image.jpg in Resources */,
				1CEF64AC1BA032450014C550 /* card_zixin_image.jpg in Resources */,
				1CEF64AB1BA032450014C550 /* card_zhuqueyushan_image.jpg in Resources */,
			);
			runOnlyForDeploymentPostprocessing = 0;
		};
		1C15D1BF1B9189EB000A2615 /* Resources */ = {
			isa = PBXResourcesBuildPhase;
			buildActionMask = 2147483647;
			files = (
			);
			runOnlyForDeploymentPostprocessing = 0;
		};
/* End PBXResourcesBuildPhase section */

/* Begin PBXSourcesBuildPhase section */
		1C15D1A41B9189EB000A2615 /* Sources */ = {
			isa = PBXSourcesBuildPhase;
			buildActionMask = 2147483647;
			files = (
				1CF538141B93FF5600FBA3F3 /* UIControl+BlocksKit.m in Sources */,
				1CF538071B93FF5600FBA3F3 /* NSMapTable+BlocksKit.m in Sources */,
				1CF538111B93FF5600FBA3F3 /* NSSet+BlocksKit.m in Sources */,
				1CF538091B93FF5600FBA3F3 /* NSMutableDictionary+BlocksKit.m in Sources */,
				1C15D1B41B9189EB000A2615 /* ViewController.m in Sources */,
				1C6F4AF31B9FF59300BED00F /* TransitionHorizontalLinesAnimator.m in Sources */,
				1CF538151B93FF5600FBA3F3 /* UIGestureRecognizer+BlocksKit.m in Sources */,
				1CF538021B93FF5600FBA3F3 /* TKHomePageViewController.m in Sources */,
				1CF5380D1B93FF5600FBA3F3 /* NSObject+BKAssociatedObjects.m in Sources */,
				1CF538031B93FF5600FBA3F3 /* NSArray+BlocksKit.m in Sources */,
				1CF538161B93FF5600FBA3F3 /* UIView+BlocksKit.m in Sources */,
				1CF538081B93FF5600FBA3F3 /* NSMutableArray+BlocksKit.m in Sources */,
				1CF5380A1B93FF5600FBA3F3 /* NSMutableIndexSet+BlocksKit.m in Sources */,
				1CF538131B93FF5600FBA3F3 /* UIBarButtonItem+BlocksKit.m in Sources */,
				1CF538041B93FF5600FBA3F3 /* NSDictionary+BlocksKit.m in Sources */,
				1CF538001B93FF5600FBA3F3 /* BaseViewController.m in Sources */,
				1CF555651B9597F800FBA3F3 /* FBShimmeringView.m in Sources */,
				1CF538121B93FF5600FBA3F3 /* NSTimer+BlocksKit.m in Sources */,
				1CF538101B93FF5600FBA3F3 /* NSOrderedSet+BlocksKit.m in Sources */,
				1C15D1B11B9189EB000A2615 /* AppDelegate.m in Sources */,
				1CF555641B9597F800FBA3F3 /* FBShimmeringLayer.m in Sources */,
				1CF538191B93FF5600FBA3F3 /* TKGloble.m in Sources */,
				1CF5380E1B93FF5600FBA3F3 /* NSObject+BKBlockExecution.m in Sources */,
				1CF538051B93FF5600FBA3F3 /* NSIndexSet+BlocksKit.m in Sources */,
				1CEF64601BA01EFB0014C550 /* TKGameCardData.m in Sources */,
				1CF5380C1B93FF5600FBA3F3 /* NSMutableSet+BlocksKit.m in Sources */,
				1CF538061B93FF5600FBA3F3 /* NSInvocation+BlocksKit.m in Sources */,
				1C6F4AF21B9FF59300BED00F /* TransitionAnimator.m in Sources */,
				1CEF64631BA0200A0014C550 /* TKGame.m in Sources */,
				1CF5380F1B93FF5600FBA3F3 /* NSObject+BKBlockObservation.m in Sources */,
				1C15D1AE1B9189EB000A2615 /* main.m in Sources */,
				1CF538011B93FF5600FBA3F3 /* TKGameViewController.m in Sources */,
				1CF5380B1B93FF5600FBA3F3 /* NSMutableOrderedSet+BlocksKit.m in Sources */,
			);
			runOnlyForDeploymentPostprocessing = 0;
		};
		1C15D1BD1B9189EB000A2615 /* Sources */ = {
			isa = PBXSourcesBuildPhase;
			buildActionMask = 2147483647;
			files = (
				1C15D1C81B9189EB000A2615 /* ThreeKingdomsPassTests.m in Sources */,
			);
			runOnlyForDeploymentPostprocessing = 0;
		};
/* End PBXSourcesBuildPhase section */

/* Begin PBXTargetDependency section */
		1C15D1C31B9189EB000A2615 /* PBXTargetDependency */ = {
			isa = PBXTargetDependency;
			target = 1C15D1A71B9189EB000A2615 /* ThreeKingdomsPass */;
			targetProxy = 1C15D1C21B9189EB000A2615 /* PBXContainerItemProxy */;
		};
/* End PBXTargetDependency section */

/* Begin PBXVariantGroup section */
		1C15D1B51B9189EB000A2615 /* Main.storyboard */ = {
			isa = PBXVariantGroup;
			children = (
				1C15D1B61B9189EB000A2615 /* Base */,
			);
			name = Main.storyboard;
			sourceTree = "<group>";
		};
		1C15D1BA1B9189EB000A2615 /* LaunchScreen.xib */ = {
			isa = PBXVariantGroup;
			children = (
				1C15D1BB1B9189EB000A2615 /* Base */,
			);
			name = LaunchScreen.xib;
			sourceTree = "<group>";
		};
/* End PBXVariantGroup section */

/* Begin XCBuildConfiguration section */
		1C15D1C91B9189EB000A2615 /* Debug */ = {
			isa = XCBuildConfiguration;
			buildSettings = {
				ALWAYS_SEARCH_USER_PATHS = NO;
				CLANG_CXX_LANGUAGE_STANDARD = "gnu++0x";
				CLANG_CXX_LIBRARY = "libc++";
				CLANG_ENABLE_MODULES = YES;
				CLANG_ENABLE_OBJC_ARC = YES;
				CLANG_WARN_BOOL_CONVERSION = YES;
				CLANG_WARN_CONSTANT_CONVERSION = YES;
				CLANG_WARN_DIRECT_OBJC_ISA_USAGE = YES_ERROR;
				CLANG_WARN_EMPTY_BODY = YES;
				CLANG_WARN_ENUM_CONVERSION = YES;
				CLANG_WARN_INT_CONVERSION = YES;
				CLANG_WARN_OBJC_ROOT_CLASS = YES_ERROR;
				CLANG_WARN_UNREACHABLE_CODE = YES;
				CLANG_WARN__DUPLICATE_METHOD_MATCH = YES;
				"CODE_SIGN_IDENTITY[sdk=iphoneos*]" = "iPhone Developer";
				COPY_PHASE_STRIP = NO;
				DEBUG_INFORMATION_FORMAT = "dwarf-with-dsym";
				ENABLE_STRICT_OBJC_MSGSEND = YES;
				GCC_C_LANGUAGE_STANDARD = gnu99;
				GCC_DYNAMIC_NO_PIC = NO;
				GCC_NO_COMMON_BLOCKS = YES;
				GCC_OPTIMIZATION_LEVEL = 0;
				GCC_PREPROCESSOR_DEFINITIONS = (
					"DEBUG=1",
					"$(inherited)",
				);
				GCC_SYMBOLS_PRIVATE_EXTERN = NO;
				GCC_WARN_64_TO_32_BIT_CONVERSION = YES;
				GCC_WARN_ABOUT_RETURN_TYPE = YES_ERROR;
				GCC_WARN_UNDECLARED_SELECTOR = YES;
				GCC_WARN_UNINITIALIZED_AUTOS = YES_AGGRESSIVE;
				GCC_WARN_UNUSED_FUNCTION = YES;
				GCC_WARN_UNUSED_VARIABLE = YES;
				IPHONEOS_DEPLOYMENT_TARGET = 8.4;
				MTL_ENABLE_DEBUG_INFO = YES;
				ONLY_ACTIVE_ARCH = YES;
				SDKROOT = iphoneos;
			};
			name = Debug;
		};
		1C15D1CA1B9189EB000A2615 /* Release */ = {
			isa = XCBuildConfiguration;
			buildSettings = {
				ALWAYS_SEARCH_USER_PATHS = NO;
				CLANG_CXX_LANGUAGE_STANDARD = "gnu++0x";
				CLANG_CXX_LIBRARY = "libc++";
				CLANG_ENABLE_MODULES = YES;
				CLANG_ENABLE_OBJC_ARC = YES;
				CLANG_WARN_BOOL_CONVERSION = YES;
				CLANG_WARN_CONSTANT_CONVERSION = YES;
				CLANG_WARN_DIRECT_OBJC_ISA_USAGE = YES_ERROR;
				CLANG_WARN_EMPTY_BODY = YES;
				CLANG_WARN_ENUM_CONVERSION = YES;
				CLANG_WARN_INT_CONVERSION = YES;
				CLANG_WARN_OBJC_ROOT_CLASS = YES_ERROR;
				CLANG_WARN_UNREACHABLE_CODE = YES;
				CLANG_WARN__DUPLICATE_METHOD_MATCH = YES;
				"CODE_SIGN_IDENTITY[sdk=iphoneos*]" = "iPhone Developer";
				COPY_PHASE_STRIP = NO;
				DEBUG_INFORMATION_FORMAT = "dwarf-with-dsym";
				ENABLE_NS_ASSERTIONS = NO;
				ENABLE_STRICT_OBJC_MSGSEND = YES;
				GCC_C_LANGUAGE_STANDARD = gnu99;
				GCC_NO_COMMON_BLOCKS = YES;
				GCC_WARN_64_TO_32_BIT_CONVERSION = YES;
				GCC_WARN_ABOUT_RETURN_TYPE = YES_ERROR;
				GCC_WARN_UNDECLARED_SELECTOR = YES;
				GCC_WARN_UNINITIALIZED_AUTOS = YES_AGGRESSIVE;
				GCC_WARN_UNUSED_FUNCTION = YES;
				GCC_WARN_UNUSED_VARIABLE = YES;
				IPHONEOS_DEPLOYMENT_TARGET = 8.4;
				MTL_ENABLE_DEBUG_INFO = NO;
				SDKROOT = iphoneos;
				VALIDATE_PRODUCT = YES;
			};
			name = Release;
		};
		1C15D1CC1B9189EB000A2615 /* Debug */ = {
			isa = XCBuildConfiguration;
			buildSettings = {
				ASSETCATALOG_COMPILER_APPICON_NAME = AppIcon;
				CODE_SIGN_IDENTITY = "iPhone Developer: LIU LIAN (726F5UAAF2)";
				INFOPLIST_FILE = ThreeKingdomsPass/Info.plist;
				LD_RUNPATH_SEARCH_PATHS = "$(inherited) @executable_path/Frameworks";
				PRODUCT_NAME = "$(TARGET_NAME)";
				PROVISIONING_PROFILE = "1253d393-c4c0-4d1c-91a5-13b5cbe4c122";
			};
			name = Debug;
		};
		1C15D1CD1B9189EB000A2615 /* Release */ = {
			isa = XCBuildConfiguration;
			buildSettings = {
				ASSETCATALOG_COMPILER_APPICON_NAME = AppIcon;
				CODE_SIGN_IDENTITY = "iPhone Developer: LIU LIAN (726F5UAAF2)";
				INFOPLIST_FILE = ThreeKingdomsPass/Info.plist;
				LD_RUNPATH_SEARCH_PATHS = "$(inherited) @executable_path/Frameworks";
				PRODUCT_NAME = "$(TARGET_NAME)";
				PROVISIONING_PROFILE = "1253d393-c4c0-4d1c-91a5-13b5cbe4c122";
			};
			name = Release;
		};
		1C15D1CF1B9189EB000A2615 /* Debug */ = {
			isa = XCBuildConfiguration;
			buildSettings = {
				BUNDLE_LOADER = "$(TEST_HOST)";
				FRAMEWORK_SEARCH_PATHS = (
					"$(SDKROOT)/Developer/Library/Frameworks",
					"$(inherited)",
				);
				GCC_PREPROCESSOR_DEFINITIONS = (
					"DEBUG=1",
					"$(inherited)",
				);
				INFOPLIST_FILE = ThreeKingdomsPassTests/Info.plist;
				LD_RUNPATH_SEARCH_PATHS = "$(inherited) @executable_path/Frameworks @loader_path/Frameworks";
				PRODUCT_NAME = "$(TARGET_NAME)";
				TEST_HOST = "$(BUILT_PRODUCTS_DIR)/ThreeKingdomsPass.app/ThreeKingdomsPass";
			};
			name = Debug;
		};
		1C15D1D01B9189EB000A2615 /* Release */ = {
			isa = XCBuildConfiguration;
			buildSettings = {
				BUNDLE_LOADER = "$(TEST_HOST)";
				FRAMEWORK_SEARCH_PATHS = (
					"$(SDKROOT)/Developer/Library/Frameworks",
					"$(inherited)",
				);
				INFOPLIST_FILE = ThreeKingdomsPassTests/Info.plist;
				LD_RUNPATH_SEARCH_PATHS = "$(inherited) @executable_path/Frameworks @loader_path/Frameworks";
				PRODUCT_NAME = "$(TARGET_NAME)";
				TEST_HOST = "$(BUILT_PRODUCTS_DIR)/ThreeKingdomsPass.app/ThreeKingdomsPass";
			};
			name = Release;
		};
/* End XCBuildConfiguration section */

/* Begin XCConfigurationList section */
		1C15D1A31B9189EB000A2615 /* Build configuration list for PBXProject "ThreeKingdomsPass" */ = {
			isa = XCConfigurationList;
			buildConfigurations = (
				1C15D1C91B9189EB000A2615 /* Debug */,
				1C15D1CA1B9189EB000A2615 /* Release */,
			);
			defaultConfigurationIsVisible = 0;
			defaultConfigurationName = Release;
		};
		1C15D1CB1B9189EB000A2615 /* Build configuration list for PBXNativeTarget "ThreeKingdomsPass" */ = {
			isa = XCConfigurationList;
			buildConfigurations = (
				1C15D1CC1B9189EB000A2615 /* Debug */,
				1C15D1CD1B9189EB000A2615 /* Release */,
			);
			defaultConfigurationIsVisible = 0;
			defaultConfigurationName = Release;
		};
		1C15D1CE1B9189EB000A2615 /* Build configuration list for PBXNativeTarget "ThreeKingdomsPassTests" */ = {
			isa = XCConfigurationList;
			buildConfigurations = (
				1C15D1CF1B9189EB000A2615 /* Debug */,
				1C15D1D01B9189EB000A2615 /* Release */,
			);
			defaultConfigurationIsVisible = 0;
			defaultConfigurationName = Release;
		};
/* End XCConfigurationList section */
	};
	rootObject = 1C15D1A01B9189EB000A2615 /* Project object */;
}
